{
  "name": "@indra.ai/securitydeva",
  "version": "0.0.14",
  "lockfileVersion": 3,
  "requires": true,
  "packages": {
    "": {
      "name": "@indra.ai/securitydeva",
      "version": "0.0.14",
      "license": "MIT",
      "dependencies": {
        "@indra.ai/deva": "^1.1.41"
      }
    },
    "node_modules/@indra.ai/deva": {
      "version": "1.1.42",
      "resolved": "https://registry.npmjs.org/@indra.ai/deva/-/deva-1.1.42.tgz",
      "integrity": "sha512-Klx8GVL8YsSMtfwGQdg+2gecp/NJ2W3fJF634gZSDJQUz8ElNgPivn+UvX1elG8xlkt5gTxfwPQJO45R0FkDpg==",
      "engines": {
        "node": ">=10.0.0",
        "npm": ">=6.0.0"
      }
    }
  }
}
