{
  "name": "@indra.ai/securitydeva",
  "version": "0.0.33",
  "lockfileVersion": 3,
  "requires": true,
  "packages": {
    "": {
      "name": "@indra.ai/securitydeva",
      "version": "0.0.33",
      "license": "MIT",
      "devDependencies": {
        "@indra.ai/deva": "^1.1.86"
      }
    },
    "node_modules/@indra.ai/deva": {
      "version": "1.1.86",
      "resolved": "https://registry.npmjs.org/@indra.ai/deva/-/deva-1.1.86.tgz",
      "integrity": "sha512-MvhGOzv2YcazVdkn2TMUwrGe6eZvHDTRgPAfu/Cy0uwvp0LY9sj/Xu0gHqYCFkhKZiw2zC09szUhy1m1XPVTEw==",
      "dev": true,
      "engines": {
        "node": ">=10.0.0",
        "npm": ">=6.0.0"
      }
    }
  }
}
