{
  "name": "@indra.ai/securitydeva",
  "version": "0.0.16",
  "lockfileVersion": 3,
  "requires": true,
  "packages": {
    "": {
      "name": "@indra.ai/securitydeva",
      "version": "0.0.16",
      "license": "MIT",
      "dependencies": {
        "@indra.ai/deva": "^1.1.46"
      }
    },
    "node_modules/@indra.ai/deva": {
      "version": "1.1.46",
      "resolved": "https://registry.npmjs.org/@indra.ai/deva/-/deva-1.1.46.tgz",
      "integrity": "sha512-7omLeHKHp2gQAtTMEHizb31D4a8/gRptBG8J0uGc6JPtwfc7swv3Dy+MoW/P3KvgX4YERMB82d9P+SKzNbhbjg==",
      "engines": {
        "node": ">=10.0.0",
        "npm": ">=6.0.0"
      }
    }
  }
}
